
Microsoft Visual Studio Solution File, Format Version 12.00
# Visual Studio Version 17
VisualStudioVersion = 17.11.35222.181
MinimumVisualStudioVersion = 10.0.40219.1
Project("{9A19103F-16F7-4668-BE54-9A1E7A4F7556}") = "LiveFinPrices", "LiveFinPrices.csproj", "{C3F3EC98-06F0-4A8D-839F-7B788C16F20D}"
EndProject
Project("{FAE04EC0-301F-11D3-BF4B-00C04F79EFBC}") = "LivePricesClient", "..\LivePricesClient\LivePricesClient.csproj", "{42943999-39FD-4725-9C58-E7FE56C852E3}"
EndProject
Global
	GlobalSection(SolutionConfigurationPlatforms) = preSolution
		Debug|Any CPU = Debug|Any CPU
		Release|Any CPU = Release|Any CPU
	EndGlobalSection
	GlobalSection(ProjectConfigurationPlatforms) = postSolution
		{C3F3EC98-06F0-4A8D-839F-7B788C16F20D}.Debug|Any CPU.ActiveCfg = Debug|Any CPU
		{C3F3EC98-06F0-4A8D-839F-7B788C16F20D}.Debug|Any CPU.Build.0 = Debug|Any CPU
		{C3F3EC98-06F0-4A8D-839F-7B788C16F20D}.Release|Any CPU.ActiveCfg = Release|Any CPU
		{C3F3EC98-06F0-4A8D-839F-7B788C16F20D}.Release|Any CPU.Build.0 = Release|Any CPU
		{42943999-39FD-4725-9C58-E7FE56C852E3}.Debug|Any CPU.ActiveCfg = Debug|Any CPU
		{42943999-39FD-4725-9C58-E7FE56C852E3}.Debug|Any CPU.Build.0 = Debug|Any CPU
		{42943999-39FD-4725-9C58-E7FE56C852E3}.Release|Any CPU.ActiveCfg = Release|Any CPU
		{42943999-39FD-4725-9C58-E7FE56C852E3}.Release|Any CPU.Build.0 = Release|Any CPU
	EndGlobalSection
	GlobalSection(SolutionProperties) = preSolution
		HideSolutionNode = FALSE
	EndGlobalSection
	GlobalSection(ExtensibilityGlobals) = postSolution
		SolutionGuid = {D50AE5BE-B4A6-4A73-BFAD-2551D625D52D}
	EndGlobalSection
EndGlobal
